
Microsoft Visual Studio Solution File, Format Version 12.00
# Visual Studio Version 16
VisualStudioVersion = 16.0.32901.82
MinimumVisualStudioVersion = 10.0.40219.1
Project("{FAE04EC0-301F-11D3-BF4B-00C04F79EFBC}") = "ConsoleGame", "ConsoleGame\ConsoleGame.csproj", "{B07351DB-DE58-4675-B173-BE860293DBA9}"
EndProject
Global
	GlobalSection(SolutionConfigurationPlatforms) = preSolution
		Debug|Any CPU = Debug|Any CPU
		Release|Any CPU = Release|Any CPU
	EndGlobalSection
	GlobalSection(ProjectConfigurationPlatforms) = postSolution
		{B07351DB-DE58-4675-B173-BE860293DBA9}.Debug|Any CPU.ActiveCfg = Debug|Any CPU
		{B07351DB-DE58-4675-B173-BE860293DBA9}.Debug|Any CPU.Build.0 = Debug|Any CPU
		{B07351DB-DE58-4675-B173-BE860293DBA9}.Release|Any CPU.ActiveCfg = Release|Any CPU
		{B07351DB-DE58-4675-B173-BE860293DBA9}.Release|Any CPU.Build.0 = Release|Any CPU
	EndGlobalSection
	GlobalSection(SolutionProperties) = preSolution
		HideSolutionNode = FALSE
	EndGlobalSection
	GlobalSection(ExtensibilityGlobals) = postSolution
		SolutionGuid = {DB9D9512-5DF9-4912-9AA9-C20955B2B27A}
	EndGlobalSection
EndGlobal
